
Microsoft Visual Studio Solution File, Format Version 12.00
# Visual Studio Version 17
VisualStudioVersion = 17.9.34723.18
MinimumVisualStudioVersion = 10.0.40219.1
Project("{FAE04EC0-301F-11D3-BF4B-00C04F79EFBC}") = "Lab11_2", "Lab11_2\Lab11_2.csproj", "{D526CE8D-4053-4986-B50C-62A381DF6814}"
EndProject
Global
	GlobalSection(SolutionConfigurationPlatforms) = preSolution
		Debug|Any CPU = Debug|Any CPU
		Release|Any CPU = Release|Any CPU
	EndGlobalSection
	GlobalSection(ProjectConfigurationPlatforms) = postSolution
		{D526CE8D-4053-4986-B50C-62A381DF6814}.Debug|Any CPU.ActiveCfg = Debug|Any CPU
		{D526CE8D-4053-4986-B50C-62A381DF6814}.Debug|Any CPU.Build.0 = Debug|Any CPU
		{D526CE8D-4053-4986-B50C-62A381DF6814}.Release|Any CPU.ActiveCfg = Release|Any CPU
		{D526CE8D-4053-4986-B50C-62A381DF6814}.Release|Any CPU.Build.0 = Release|Any CPU
	EndGlobalSection
	GlobalSection(SolutionProperties) = preSolution
		HideSolutionNode = FALSE
	EndGlobalSection
	GlobalSection(ExtensibilityGlobals) = postSolution
		SolutionGuid = {90043942-7B1E-4BAD-BFA3-28BD6438F8C6}
	EndGlobalSection
EndGlobal
